
Microsoft Visual Studio Solution File, Format Version 12.00
# Visual Studio Version 16
VisualStudioVersion = 25.0.1705.1
MinimumVisualStudioVersion = 10.0.40219.1
Project("{FAE04EC0-301F-11D3-BF4B-00C04F79EFBC}") = "PortfolioAPI", "PortfolioAPI\PortfolioAPI.csproj", "{8B8EB7F6-9B0B-4C09-8B40-554C79F402A8}"
EndProject
Global
	GlobalSection(SolutionConfigurationPlatforms) = preSolution
		Debug|Any CPU = Debug|Any CPU
		Release|Any CPU = Release|Any CPU
	EndGlobalSection
	GlobalSection(ProjectConfigurationPlatforms) = postSolution
		{8B8EB7F6-9B0B-4C09-8B40-554C79F402A8}.Debug|Any CPU.ActiveCfg = Debug|Any CPU
		{8B8EB7F6-9B0B-4C09-8B40-554C79F402A8}.Debug|Any CPU.Build.0 = Debug|Any CPU
		{8B8EB7F6-9B0B-4C09-8B40-554C79F402A8}.Release|Any CPU.ActiveCfg = Release|Any CPU
		{8B8EB7F6-9B0B-4C09-8B40-554C79F402A8}.Release|Any CPU.Build.0 = Release|Any CPU
	EndGlobalSection
	GlobalSection(SolutionProperties) = preSolution
		HideSolutionNode = FALSE
	EndGlobalSection
	GlobalSection(ExtensibilityGlobals) = postSolution
		SolutionGuid = {0763E129-3688-4D77-8158-D6CD90BA4684}
	EndGlobalSection
EndGlobal
